// !$*UTF8*$!
{
	archiveVersion = 1;
	classes = {
	};
	objectVersion = 77;
	objects = {

/* Begin PBXBuildFile section */
		01B3FD1C1536923DC4C61E3D /* FNB58Protocol.swift in Sources */ = {isa = PBXBuildFile; fileRef = 6C0C5279F92491C77CC09C43 /* FNB58Protocol.swift */; };
		02195563302EE2816F0F903B /* DeviceListView.swift in Sources */ = {isa = PBXBuildFile; fileRef = 0C6D2F635AEFCE98ADB21937 /* DeviceListView.swift */; };
		3776FFA948186E4D7C84F7D8 /* HistoryView.swift in Sources */ = {isa = PBXBuildFile; fileRef = BB0B83868C40241B71BA4D1C /* HistoryView.swift */; };
		69186E6175832FC046574A9F /* Reading.swift in Sources */ = {isa = PBXBuildFile; fileRef = C5A2CB92E2021513AA5EB4DB /* Reading.swift */; };
		7AE783243A709D037ECE974B /* FNB58MonitorApp.swift in Sources */ = {isa = PBXBuildFile; fileRef = 89FD121234BEF27D3DC0BA79 /* FNB58MonitorApp.swift */; };
		A39AF4EE6D8FC15CB0CDCE8C /* SessionRecorder.swift in Sources */ = {isa = PBXBuildFile; fileRef = 3AFE75A68B73F6DBBCBB0DF8 /* SessionRecorder.swift */; };
		BC2A5A8A910ABBDCAE733672 /* LiveView.swift in Sources */ = {isa = PBXBuildFile; fileRef = FD00D8A62508CA0584EC5F46 /* LiveView.swift */; };
		BDDEA1A9DBC0A24339BA9B9B /* ContentView.swift in Sources */ = {isa = PBXBuildFile; fileRef = C57A7408AEF46070D8921939 /* ContentView.swift */; };
		CAC185D3E1C1934EB4EC3E72 /* MeterManager.swift in Sources */ = {isa = PBXBuildFile; fileRef = 565A05296518DCDA9CFF2289 /* MeterManager.swift */; };
		D89A89B288B8329F89A08A4F /* FNB58MonitorTests.swift in Sources */ = {isa = PBXBuildFile; fileRef = DB0E39B274B231B2C00CE041 /* FNB58MonitorTests.swift */; };
/* End PBXBuildFile section */

/* Begin PBXContainerItemProxy section */
		22C4D239F85671BCFE4D5DE0 /* PBXContainerItemProxy */ = {
			isa = PBXContainerItemProxy;
			containerPortal = 607AB576436768A33FEA8772 /* Project object */;
			proxyType = 1;
			remoteGlobalIDString = A1E7BB43E89E32C225209C0A;
			remoteInfo = FNB58Monitor;
		};
/* End PBXContainerItemProxy section */

/* Begin PBXFileReference section */
		0C6D2F635AEFCE98ADB21937 /* DeviceListView.swift */ = {isa = PBXFileReference; lastKnownFileType = sourcecode.swift; path = DeviceListView.swift; sourceTree = "<group>"; };
		3A54DD6FAB244E5C7A27F7CB /* FNB58MonitorTests.xctest */ = {isa = PBXFileReference; includeInIndex = 0; lastKnownFileType = wrapper.cfbundle; path = FNB58MonitorTests.xctest; sourceTree = BUILT_PRODUCTS_DIR; };
		3AFE75A68B73F6DBBCBB0DF8 /* SessionRecorder.swift */ = {isa = PBXFileReference; lastKnownFileType = sourcecode.swift; path = SessionRecorder.swift; sourceTree = "<group>"; };
		565A05296518DCDA9CFF2289 /* MeterManager.swift */ = {isa = PBXFileReference; lastKnownFileType = sourcecode.swift; path = MeterManager.swift; sourceTree = "<group>"; };
		6C0C5279F92491C77CC09C43 /* FNB58Protocol.swift */ = {isa = PBXFileReference; lastKnownFileType = sourcecode.swift; path = FNB58Protocol.swift; sourceTree = "<group>"; };
		89FD121234BEF27D3DC0BA79 /* FNB58MonitorApp.swift */ = {isa = PBXFileReference; lastKnownFileType = sourcecode.swift; path = FNB58MonitorApp.swift; sourceTree = "<group>"; };
		9CB11AAC5590F55A0F4514A3 /* Info.plist */ = {isa = PBXFileReference; lastKnownFileType = text.plist; path = Info.plist; sourceTree = "<group>"; };
		BB0B83868C40241B71BA4D1C /* HistoryView.swift */ = {isa = PBXFileReference; lastKnownFileType = sourcecode.swift; path = HistoryView.swift; sourceTree = "<group>"; };
		C57A7408AEF46070D8921939 /* ContentView.swift */ = {isa = PBXFileReference; lastKnownFileType = sourcecode.swift; path = ContentView.swift; sourceTree = "<group>"; };
		C5A2CB92E2021513AA5EB4DB /* Reading.swift */ = {isa = PBXFileReference; lastKnownFileType = sourcecode.swift; path = Reading.swift; sourceTree = "<group>"; };
		DB0E39B274B231B2C00CE041 /* FNB58MonitorTests.swift */ = {isa = PBXFileReference; lastKnownFileType = sourcecode.swift; path = FNB58MonitorTests.swift; sourceTree = "<group>"; };
		F9844CC49B251BBC5A068641 /* FNB58Monitor.app */ = {isa = PBXFileReference; includeInIndex = 0; lastKnownFileType = wrapper.application; path = FNB58Monitor.app; sourceTree = BUILT_PRODUCTS_DIR; };
		FD00D8A62508CA0584EC5F46 /* LiveView.swift */ = {isa = PBXFileReference; lastKnownFileType = sourcecode.swift; path = LiveView.swift; sourceTree = "<group>"; };
/* End PBXFileReference section */

/* Begin PBXGroup section */
		20521024EF22A07A1DAFCE82 = {
			isa = PBXGroup;
			children = (
				5869BB79F820D91F33BE6BE6 /* FNB58Monitor */,
				F108868EA187A0C6F674C2C0 /* FNB58MonitorTests */,
				6008595B7FBE371C3909ADCB /* Products */,
			);
			sourceTree = "<group>";
		};
		5869BB79F820D91F33BE6BE6 /* FNB58Monitor */ = {
			isa = PBXGroup;
			children = (
				89FD121234BEF27D3DC0BA79 /* FNB58MonitorApp.swift */,
				9CB11AAC5590F55A0F4514A3 /* Info.plist */,
				FBF88232122A5947FACBBBCC /* Bluetooth */,
				791BB77A622A386F5D318923 /* Model */,
				7124603D99719961AA913C59 /* Views */,
			);
			path = FNB58Monitor;
			sourceTree = "<group>";
		};
		6008595B7FBE371C3909ADCB /* Products */ = {
			isa = PBXGroup;
			children = (
				F9844CC49B251BBC5A068641 /* FNB58Monitor.app */,
				3A54DD6FAB244E5C7A27F7CB /* FNB58MonitorTests.xctest */,
			);
			name = Products;
			sourceTree = "<group>";
		};
		7124603D99719961AA913C59 /* Views */ = {
			isa = PBXGroup;
			children = (
				C57A7408AEF46070D8921939 /* ContentView.swift */,
				0C6D2F635AEFCE98ADB21937 /* DeviceListView.swift */,
				BB0B83868C40241B71BA4D1C /* HistoryView.swift */,
				FD00D8A62508CA0584EC5F46 /* LiveView.swift */,
			);
			path = Views;
			sourceTree = "<group>";
		};
		791BB77A622A386F5D318923 /* Model */ = {
			isa = PBXGroup;
			children = (
				C5A2CB92E2021513AA5EB4DB /* Reading.swift */,
				3AFE75A68B73F6DBBCBB0DF8 /* SessionRecorder.swift */,
			);
			path = Model;
			sourceTree = "<group>";
		};
		F108868EA187A0C6F674C2C0 /* FNB58MonitorTests */ = {
			isa = PBXGroup;
			children = (
				DB0E39B274B231B2C00CE041 /* FNB58MonitorTests.swift */,
			);
			path = FNB58MonitorTests;
			sourceTree = "<group>";
		};
		FBF88232122A5947FACBBBCC /* Bluetooth */ = {
			isa = PBXGroup;
			children = (
				6C0C5279F92491C77CC09C43 /* FNB58Protocol.swift */,
				565A05296518DCDA9CFF2289 /* MeterManager.swift */,
			);
			path = Bluetooth;
			sourceTree = "<group>";
		};
/* End PBXGroup section */

/* Begin PBXNativeTarget section */
		8CD2CB991EDA3E327959475A /* FNB58MonitorTests */ = {
			isa = PBXNativeTarget;
			buildConfigurationList = 558D38645D5068490194672C /* Build configuration list for PBXNativeTarget "FNB58MonitorTests" */;
			buildPhases = (
				2F31773848DC3D3B38CFCEAB /* Sources */,
			);
			buildRules = (
			);
			dependencies = (
				35B3DE7F7972576F3DC433CF /* PBXTargetDependency */,
			);
			name = FNB58MonitorTests;
			packageProductDependencies = (
			);
			productName = FNB58MonitorTests;
			productReference = 3A54DD6FAB244E5C7A27F7CB /* FNB58MonitorTests.xctest */;
			productType = "com.apple.product-type.bundle.unit-test";
		};
		A1E7BB43E89E32C225209C0A /* FNB58Monitor */ = {
			isa = PBXNativeTarget;
			buildConfigurationList = 0ADB3AC34498F2F20040EF2D /* Build configuration list for PBXNativeTarget "FNB58Monitor" */;
			buildPhases = (
				B891448323924B23449C90B5 /* Sources */,
			);
			buildRules = (
			);
			dependencies = (
			);
			name = FNB58Monitor;
			packageProductDependencies = (
			);
			productName = FNB58Monitor;
			productReference = F9844CC49B251BBC5A068641 /* FNB58Monitor.app */;
			productType = "com.apple.product-type.application";
		};
/* End PBXNativeTarget section */

/* Begin PBXProject section */
		607AB576436768A33FEA8772 /* Project object */ = {
			isa = PBXProject;
			attributes = {
				BuildIndependentTargetsInParallel = YES;
				LastUpgradeCheck = 1600;
				TargetAttributes = {
					8CD2CB991EDA3E327959475A = {
						DevelopmentTeam = CC8X33MU92;
						ProvisioningStyle = Automatic;
					};
					A1E7BB43E89E32C225209C0A = {
						DevelopmentTeam = CC8X33MU92;
						ProvisioningStyle = Automatic;
					};
				};
			};
			buildConfigurationList = 51D79CCAA570FD15A7D6363F /* Build configuration list for PBXProject "FNB58Monitor" */;
			developmentRegion = en;
			hasScannedForEncodings = 0;
			knownRegions = (
				Base,
				en,
			);
			mainGroup = 20521024EF22A07A1DAFCE82;
			minimizedProjectReferenceProxies = 1;
			preferredProjectObjectVersion = 77;
			productRefGroup = 6008595B7FBE371C3909ADCB /* Products */;
			projectDirPath = "";
			projectRoot = "";
			targets = (
				A1E7BB43E89E32C225209C0A /* FNB58Monitor */,
				8CD2CB991EDA3E327959475A /* FNB58MonitorTests */,
			);
		};
/* End PBXProject section */

/* Begin PBXSourcesBuildPhase section */
		2F31773848DC3D3B38CFCEAB /* Sources */ = {
			isa = PBXSourcesBuildPhase;
			buildActionMask = 2147483647;
			files = (
				D89A89B288B8329F89A08A4F /* FNB58MonitorTests.swift in Sources */,
			);
			runOnlyForDeploymentPostprocessing = 0;
		};
		B891448323924B23449C90B5 /* Sources */ = {
			isa = PBXSourcesBuildPhase;
			buildActionMask = 2147483647;
			files = (
				BDDEA1A9DBC0A24339BA9B9B /* ContentView.swift in Sources */,
				02195563302EE2816F0F903B /* DeviceListView.swift in Sources */,
				7AE783243A709D037ECE974B /* FNB58MonitorApp.swift in Sources */,
				01B3FD1C1536923DC4C61E3D /* FNB58Protocol.swift in Sources */,
				3776FFA948186E4D7C84F7D8 /* HistoryView.swift in Sources */,
				BC2A5A8A910ABBDCAE733672 /* LiveView.swift in Sources */,
				CAC185D3E1C1934EB4EC3E72 /* MeterManager.swift in Sources */,
				69186E6175832FC046574A9F /* Reading.swift in Sources */,
				A39AF4EE6D8FC15CB0CDCE8C /* SessionRecorder.swift in Sources */,
			);
			runOnlyForDeploymentPostprocessing = 0;
		};
/* End PBXSourcesBuildPhase section */

/* Begin PBXTargetDependency section */
		35B3DE7F7972576F3DC433CF /* PBXTargetDependency */ = {
			isa = PBXTargetDependency;
			target = A1E7BB43E89E32C225209C0A /* FNB58Monitor */;
			targetProxy = 22C4D239F85671BCFE4D5DE0 /* PBXContainerItemProxy */;
		};
/* End PBXTargetDependency section */

/* Begin XCBuildConfiguration section */
		153854F0B1F1D7F4ECE167EB /* Debug */ = {
			isa = XCBuildConfiguration;
			buildSettings = {
				BUNDLE_LOADER = "$(TEST_HOST)";
				GENERATE_INFOPLIST_FILE = YES;
				LD_RUNPATH_SEARCH_PATHS = (
					"$(inherited)",
					"@executable_path/Frameworks",
					"@loader_path/Frameworks",
				);
				PRODUCT_BUNDLE_IDENTIFIER = com.thebench.fnb58monitor.tests;
				SDKROOT = iphoneos;
				TARGETED_DEVICE_FAMILY = "1,2";
				TEST_HOST = "$(BUILT_PRODUCTS_DIR)/FNB58Monitor.app/FNB58Monitor";
			};
			name = Debug;
		};
		1C28DDD13EC146EE5B6717A4 /* Release */ = {
			isa = XCBuildConfiguration;
			buildSettings = {
				BUNDLE_LOADER = "$(TEST_HOST)";
				GENERATE_INFOPLIST_FILE = YES;
				LD_RUNPATH_SEARCH_PATHS = (
					"$(inherited)",
					"@executable_path/Frameworks",
					"@loader_path/Frameworks",
				);
				PRODUCT_BUNDLE_IDENTIFIER = com.thebench.fnb58monitor.tests;
				SDKROOT = iphoneos;
				TARGETED_DEVICE_FAMILY = "1,2";
				TEST_HOST = "$(BUILT_PRODUCTS_DIR)/FNB58Monitor.app/FNB58Monitor";
			};
			name = Release;
		};
		2E80695A9458C08CD3652E1D /* Release */ = {
			isa = XCBuildConfiguration;
			buildSettings = {
				ALWAYS_SEARCH_USER_PATHS = NO;
				CLANG_ANALYZER_NONNULL = YES;
				CLANG_ANALYZER_NUMBER_OBJECT_CONVERSION = YES_AGGRESSIVE;
				CLANG_CXX_LANGUAGE_STANDARD = "gnu++14";
				CLANG_CXX_LIBRARY = "libc++";
				CLANG_ENABLE_MODULES = YES;
				CLANG_ENABLE_OBJC_ARC = YES;
				CLANG_ENABLE_OBJC_WEAK = YES;
				CLANG_WARN_BLOCK_CAPTURE_AUTORELEASING = YES;
				CLANG_WARN_BOOL_CONVERSION = YES;
				CLANG_WARN_COMMA = YES;
				CLANG_WARN_CONSTANT_CONVERSION = YES;
				CLANG_WARN_DEPRECATED_OBJC_IMPLEMENTATIONS = YES;
				CLANG_WARN_DIRECT_OBJC_ISA_USAGE = YES_ERROR;
				CLANG_WARN_DOCUMENTATION_COMMENTS = YES;
				CLANG_WARN_EMPTY_BODY = YES;
				CLANG_WARN_ENUM_CONVERSION = YES;
				CLANG_WARN_INFINITE_RECURSION = YES;
				CLANG_WARN_INT_CONVERSION = YES;
				CLANG_WARN_NON_LITERAL_NULL_CONVERSION = YES;
				CLANG_WARN_OBJC_IMPLICIT_RETAIN_SELF = YES;
				CLANG_WARN_OBJC_LITERAL_CONVERSION = YES;
				CLANG_WARN_OBJC_ROOT_CLASS = YES_ERROR;
				CLANG_WARN_QUOTED_INCLUDE_IN_FRAMEWORK_HEADER = YES;
				CLANG_WARN_RANGE_LOOP_ANALYSIS = YES;
				CLANG_WARN_STRICT_PROTOTYPES = YES;
				CLANG_WARN_SUSPICIOUS_MOVE = YES;
				CLANG_WARN_UNGUARDED_AVAILABILITY = YES_AGGRESSIVE;
				CLANG_WARN_UNREACHABLE_CODE = YES;
				CLANG_WARN__DUPLICATE_METHOD_MATCH = YES;
				CODE_SIGN_STYLE = Automatic;
				COPY_PHASE_STRIP = NO;
				DEBUG_INFORMATION_FORMAT = "dwarf-with-dsym";
				DEVELOPMENT_TEAM = CC8X33MU92;
				ENABLE_NS_ASSERTIONS = NO;
				ENABLE_STRICT_OBJC_MSGSEND = YES;
				ENABLE_USER_SCRIPT_SANDBOXING = YES;
				GCC_C_LANGUAGE_STANDARD = gnu11;
				GCC_NO_COMMON_BLOCKS = YES;
				GCC_WARN_64_TO_32_BIT_CONVERSION = YES;
				GCC_WARN_ABOUT_RETURN_TYPE = YES_ERROR;
				GCC_WARN_UNDECLARED_SELECTOR = YES;
				GCC_WARN_UNINITIALIZED_AUTOS = YES_AGGRESSIVE;
				GCC_WARN_UNUSED_FUNCTION = YES;
				GCC_WARN_UNUSED_VARIABLE = YES;
				IPHONEOS_DEPLOYMENT_TARGET = 17.0;
				MTL_ENABLE_DEBUG_INFO = NO;
				MTL_FAST_MATH = YES;
				PRODUCT_NAME = "$(TARGET_NAME)";
				SDKROOT = iphoneos;
				SWIFT_COMPILATION_MODE = wholemodule;
				SWIFT_OPTIMIZATION_LEVEL = "-O";
				SWIFT_VERSION = 5.10;
			};
			name = Release;
		};
		422744D25DECD671146999EB /* Release */ = {
			isa = XCBuildConfiguration;
			buildSettings = {
				ASSETCATALOG_COMPILER_APPICON_NAME = AppIcon;
				CODE_SIGN_IDENTITY = "iPhone Developer";
				CURRENT_PROJECT_VERSION = 1;
				GENERATE_INFOPLIST_FILE = YES;
				INFOPLIST_FILE = FNB58Monitor/Info.plist;
				INFOPLIST_KEY_CFBundleDisplayName = FNB58;
				INFOPLIST_KEY_UILaunchScreen_Generation = YES;
				INFOPLIST_KEY_UISupportedInterfaceOrientations_iPad = "UIInterfaceOrientationPortrait UIInterfaceOrientationLandscapeLeft UIInterfaceOrientationLandscapeRight";
				INFOPLIST_KEY_UISupportedInterfaceOrientations_iPhone = UIInterfaceOrientationPortrait;
				LD_RUNPATH_SEARCH_PATHS = (
					"$(inherited)",
					"@executable_path/Frameworks",
				);
				MARKETING_VERSION = 1.0;
				PRODUCT_BUNDLE_IDENTIFIER = com.thebench.fnb58monitor;
				SDKROOT = iphoneos;
				TARGETED_DEVICE_FAMILY = "1,2";
			};
			name = Release;
		};
		697B04B53ABC8910FB3C0969 /* Debug */ = {
			isa = XCBuildConfiguration;
			buildSettings = {
				ASSETCATALOG_COMPILER_APPICON_NAME = AppIcon;
				CODE_SIGN_IDENTITY = "iPhone Developer";
				CURRENT_PROJECT_VERSION = 1;
				GENERATE_INFOPLIST_FILE = YES;
				INFOPLIST_FILE = FNB58Monitor/Info.plist;
				INFOPLIST_KEY_CFBundleDisplayName = FNB58;
				INFOPLIST_KEY_UILaunchScreen_Generation = YES;
				INFOPLIST_KEY_UISupportedInterfaceOrientations_iPad = "UIInterfaceOrientationPortrait UIInterfaceOrientationLandscapeLeft UIInterfaceOrientationLandscapeRight";
				INFOPLIST_KEY_UISupportedInterfaceOrientations_iPhone = UIInterfaceOrientationPortrait;
				LD_RUNPATH_SEARCH_PATHS = (
					"$(inherited)",
					"@executable_path/Frameworks",
				);
				MARKETING_VERSION = 1.0;
				PRODUCT_BUNDLE_IDENTIFIER = com.thebench.fnb58monitor;
				SDKROOT = iphoneos;
				TARGETED_DEVICE_FAMILY = "1,2";
			};
			name = Debug;
		};
		F6EDFC68756AA66F8B3EF6D5 /* Debug */ = {
			isa = XCBuildConfiguration;
			buildSettings = {
				ALWAYS_SEARCH_USER_PATHS = NO;
				CLANG_ANALYZER_NONNULL = YES;
				CLANG_ANALYZER_NUMBER_OBJECT_CONVERSION = YES_AGGRESSIVE;
				CLANG_CXX_LANGUAGE_STANDARD = "gnu++14";
				CLANG_CXX_LIBRARY = "libc++";
				CLANG_ENABLE_MODULES = YES;
				CLANG_ENABLE_OBJC_ARC = YES;
				CLANG_ENABLE_OBJC_WEAK = YES;
				CLANG_WARN_BLOCK_CAPTURE_AUTORELEASING = YES;
				CLANG_WARN_BOOL_CONVERSION = YES;
				CLANG_WARN_COMMA = YES;
				CLANG_WARN_CONSTANT_CONVERSION = YES;
				CLANG_WARN_DEPRECATED_OBJC_IMPLEMENTATIONS = YES;
				CLANG_WARN_DIRECT_OBJC_ISA_USAGE = YES_ERROR;
				CLANG_WARN_DOCUMENTATION_COMMENTS = YES;
				CLANG_WARN_EMPTY_BODY = YES;
				CLANG_WARN_ENUM_CONVERSION = YES;
				CLANG_WARN_INFINITE_RECURSION = YES;
				CLANG_WARN_INT_CONVERSION = YES;
				CLANG_WARN_NON_LITERAL_NULL_CONVERSION = YES;
				CLANG_WARN_OBJC_IMPLICIT_RETAIN_SELF = YES;
				CLANG_WARN_OBJC_LITERAL_CONVERSION = YES;
				CLANG_WARN_OBJC_ROOT_CLASS = YES_ERROR;
				CLANG_WARN_QUOTED_INCLUDE_IN_FRAMEWORK_HEADER = YES;
				CLANG_WARN_RANGE_LOOP_ANALYSIS = YES;
				CLANG_WARN_STRICT_PROTOTYPES = YES;
				CLANG_WARN_SUSPICIOUS_MOVE = YES;
				CLANG_WARN_UNGUARDED_AVAILABILITY = YES_AGGRESSIVE;
				CLANG_WARN_UNREACHABLE_CODE = YES;
				CLANG_WARN__DUPLICATE_METHOD_MATCH = YES;
				CODE_SIGN_STYLE = Automatic;
				COPY_PHASE_STRIP = NO;
				DEBUG_INFORMATION_FORMAT = dwarf;
				DEVELOPMENT_TEAM = CC8X33MU92;
				ENABLE_STRICT_OBJC_MSGSEND = YES;
				ENABLE_TESTABILITY = YES;
				ENABLE_USER_SCRIPT_SANDBOXING = YES;
				GCC_C_LANGUAGE_STANDARD = gnu11;
				GCC_DYNAMIC_NO_PIC = NO;
				GCC_NO_COMMON_BLOCKS = YES;
				GCC_OPTIMIZATION_LEVEL = 0;
				GCC_PREPROCESSOR_DEFINITIONS = (
					"$(inherited)",
					"DEBUG=1",
				);
				GCC_WARN_64_TO_32_BIT_CONVERSION = YES;
				GCC_WARN_ABOUT_RETURN_TYPE = YES_ERROR;
				GCC_WARN_UNDECLARED_SELECTOR = YES;
				GCC_WARN_UNINITIALIZED_AUTOS = YES_AGGRESSIVE;
				GCC_WARN_UNUSED_FUNCTION = YES;
				GCC_WARN_UNUSED_VARIABLE = YES;
				IPHONEOS_DEPLOYMENT_TARGET = 17.0;
				MTL_ENABLE_DEBUG_INFO = INCLUDE_SOURCE;
				MTL_FAST_MATH = YES;
				ONLY_ACTIVE_ARCH = YES;
				PRODUCT_NAME = "$(TARGET_NAME)";
				SDKROOT = iphoneos;
				SWIFT_ACTIVE_COMPILATION_CONDITIONS = DEBUG;
				SWIFT_OPTIMIZATION_LEVEL = "-Onone";
				SWIFT_VERSION = 5.10;
			};
			name = Debug;
		};
/* End XCBuildConfiguration section */

/* Begin XCConfigurationList section */
		0ADB3AC34498F2F20040EF2D /* Build configuration list for PBXNativeTarget "FNB58Monitor" */ = {
			isa = XCConfigurationList;
			buildConfigurations = (
				697B04B53ABC8910FB3C0969 /* Debug */,
				422744D25DECD671146999EB /* Release */,
			);
			defaultConfigurationIsVisible = 0;
			defaultConfigurationName = Debug;
		};
		51D79CCAA570FD15A7D6363F /* Build configuration list for PBXProject "FNB58Monitor" */ = {
			isa = XCConfigurationList;
			buildConfigurations = (
				F6EDFC68756AA66F8B3EF6D5 /* Debug */,
				2E80695A9458C08CD3652E1D /* Release */,
			);
			defaultConfigurationIsVisible = 0;
			defaultConfigurationName = Debug;
		};
		558D38645D5068490194672C /* Build configuration list for PBXNativeTarget "FNB58MonitorTests" */ = {
			isa = XCConfigurationList;
			buildConfigurations = (
				153854F0B1F1D7F4ECE167EB /* Debug */,
				1C28DDD13EC146EE5B6717A4 /* Release */,
			);
			defaultConfigurationIsVisible = 0;
			defaultConfigurationName = Debug;
		};
/* End XCConfigurationList section */
	};
	rootObject = 607AB576436768A33FEA8772 /* Project object */;
}
